<?xml version="1.0" encoding="utf-8"?>
<Project ToolsVersion="4.0" xmlns="http://schemas.microsoft.com/developer/msbuild/2003">
  <ItemGroup>
    <Filter Include="include">
      <UniqueIdentifier>{57CA55B8-BCC5-4000-CE3A-58972F82E9CB}</UniqueIdentifier>
    </Filter>
    <Filter Include="include\internal">
      <UniqueIdentifier>{1D4CEA7C-B637-77CF-7A24-85ABD36F82A8}</UniqueIdentifier>
    </Filter>
    <Filter Include="cefclient">
      <UniqueIdentifier>{D274B8E6-49FB-E975-44BB-8C73F7EB86AD}</UniqueIdentifier>
    </Filter>
    <Filter Include="cefclient\res">
      <UniqueIdentifier>{1177910C-2DCE-8F2F-24FB-580080DDACDC}</UniqueIdentifier>
    </Filter>
  </ItemGroup>
  <ItemGroup>
    <None Include="cefclient.gyp" />
    <ClInclude Include="include\cef_nplugin_capi.h">
      <Filter>include</Filter>
    </ClInclude>
    <ClInclude Include="include\cef_nplugin.h">
      <Filter>include</Filter>
    </ClInclude>
    <ClInclude Include="include\cef_capi.h">
      <Filter>include</Filter>
    </ClInclude>
    <ClInclude Include="include\cef_runnable.h">
      <Filter>include</Filter>
    </ClInclude>
    <ClInclude Include="include\cef_wrapper.h">
      <Filter>include</Filter>
    </ClInclude>
    <ClInclude Include="include\cef.h">
      <Filter>include</Filter>
    </ClInclude>
    <ClInclude Include="include\cef_version.h">
      <Filter>include</Filter>
    </ClInclude>
    <ClInclude Include="include\internal\cef_tuple.h">
      <Filter>include\internal</Filter>
    </ClInclude>
    <ClInclude Include="include\internal\cef_string_list.h">
      <Filter>include\internal</Filter>
    </ClInclude>
    <ClInclude Include="include\internal\cef_time.h">
      <Filter>include\internal</Filter>
    </ClInclude>
    <ClInclude Include="include\internal\cef_ptr.h">
      <Filter>include\internal</Filter>
    </ClInclude>
    <ClInclude Include="include\internal\cef_string_multimap.h">
      <Filter>include\internal</Filter>
    </ClInclude>
    <ClInclude Include="include\internal\cef_win.h">
      <Filter>include\internal</Filter>
    </ClInclude>
    <ClInclude Include="include\internal\cef_nplugin_types.h">
      <Filter>include\internal</Filter>
    </ClInclude>
    <ClInclude Include="include\internal\cef_string_types.h">
      <Filter>include\internal</Filter>
    </ClInclude>
    <ClInclude Include="include\internal\cef_export.h">
      <Filter>include\internal</Filter>
    </ClInclude>
    <ClInclude Include="include\internal\cef_string_map.h">
      <Filter>include\internal</Filter>
    </ClInclude>
    <ClInclude Include="include\internal\cef_types_win.h">
      <Filter>include\internal</Filter>
    </ClInclude>
    <ClInclude Include="include\internal\cef_string.h">
      <Filter>include\internal</Filter>
    </ClInclude>
    <ClInclude Include="include\internal\cef_types.h">
      <Filter>include\internal</Filter>
    </ClInclude>
    <ClInclude Include="include\internal\cef_build.h">
      <Filter>include\internal</Filter>
    </ClInclude>
    <ClInclude Include="include\internal\cef_types_wrappers.h">
      <Filter>include\internal</Filter>
    </ClInclude>
    <ClInclude Include="include\internal\cef_string_wrappers.h">
      <Filter>include\internal</Filter>
    </ClInclude>
    <ClInclude Include="cefclient\binding_test.h">
      <Filter>cefclient</Filter>
    </ClInclude>
    <ClInclude Include="cefclient\uiplugin.h">
      <Filter>cefclient</Filter>
    </ClInclude>
    <ClInclude Include="cefclient\cefclient.h">
      <Filter>cefclient</Filter>
    </ClInclude>
    <ClInclude Include="cefclient\Resource.h">
      <Filter>cefclient</Filter>
    </ClInclude>
    <ClInclude Include="cefclient\client_handler.h">
      <Filter>cefclient</Filter>
    </ClInclude>
    <ClCompile Include="cefclient\uiplugin_test.cpp">
      <Filter>cefclient</Filter>
    </ClCompile>
    <ClInclude Include="cefclient\extension_test.h">
      <Filter>cefclient</Filter>
    </ClInclude>
    <ClCompile Include="cefclient\extension_test.cpp">
      <Filter>cefclient</Filter>
    </ClCompile>
    <ClInclude Include="cefclient\client_popup_handler.h">
      <Filter>cefclient</Filter>
    </ClInclude>
    <ClInclude Include="cefclient\string_util.h">
      <Filter>cefclient</Filter>
    </ClInclude>
    <ClInclude Include="cefclient\resource_util.h">
      <Filter>cefclient</Filter>
    </ClInclude>
    <ClCompile Include="cefclient\clientplugin.cpp">
      <Filter>cefclient</Filter>
    </ClCompile>
    <ClInclude Include="cefclient\download_handler.h">
      <Filter>cefclient</Filter>
    </ClInclude>
    <ClCompile Include="cefclient\cefclient.cpp">
      <Filter>cefclient</Filter>
    </ClCompile>
    <ClInclude Include="cefclient\clientplugin.h">
      <Filter>cefclient</Filter>
    </ClInclude>
    <ClInclude Include="cefclient\osrplugin_test.h">
      <Filter>cefclient</Filter>
    </ClInclude>
    <ClInclude Include="cefclient\uiplugin_test.h">
      <Filter>cefclient</Filter>
    </ClInclude>
    <ClCompile Include="cefclient\string_util.cpp">
      <Filter>cefclient</Filter>
    </ClCompile>
    <ClInclude Include="cefclient\cefclient_switches.h">
      <Filter>cefclient</Filter>
    </ClInclude>
    <ClCompile Include="cefclient\plugin_test.cpp">
      <Filter>cefclient</Filter>
    </ClCompile>
    <ClInclude Include="cefclient\scheme_test.h">
      <Filter>cefclient</Filter>
    </ClInclude>
    <ClInclude Include="cefclient\osrplugin.h">
      <Filter>cefclient</Filter>
    </ClInclude>
    <ResourceCompile Include="cefclient\cefclient.rc">
      <Filter>cefclient</Filter>
    </ResourceCompile>
    <ClCompile Include="cefclient\scheme_test.cpp">
      <Filter>cefclient</Filter>
    </ClCompile>
    <ClCompile Include="cefclient\cefclient_switches.cpp">
      <Filter>cefclient</Filter>
    </ClCompile>
    <ClCompile Include="cefclient\uiplugin.cpp">
      <Filter>cefclient</Filter>
    </ClCompile>
    <ClCompile Include="cefclient\download_handler.cpp">
      <Filter>cefclient</Filter>
    </ClCompile>
    <ClInclude Include="cefclient\plugin_test.h">
      <Filter>cefclient</Filter>
    </ClInclude>
    <ClCompile Include="cefclient\cefclient_win.cpp">
      <Filter>cefclient</Filter>
    </ClCompile>
    <ClCompile Include="cefclient\osrplugin.cpp">
      <Filter>cefclient</Filter>
    </ClCompile>
    <ClCompile Include="cefclient\client_handler.cpp">
      <Filter>cefclient</Filter>
    </ClCompile>
    <ClCompile Include="cefclient\client_popup_handler.cpp">
      <Filter>cefclient</Filter>
    </ClCompile>
    <ClCompile Include="cefclient\resource_util_win.cpp">
      <Filter>cefclient</Filter>
    </ClCompile>
    <ClCompile Include="cefclient\osrplugin_test.cpp">
      <Filter>cefclient</Filter>
    </ClCompile>
    <ClInclude Include="cefclient\util.h">
      <Filter>cefclient</Filter>
    </ClInclude>
    <ClCompile Include="cefclient\client_handler_win.cpp">
      <Filter>cefclient</Filter>
    </ClCompile>
    <ClCompile Include="cefclient\binding_test.cpp">
      <Filter>cefclient</Filter>
    </ClCompile>
    <None Include="cefclient\res\extensionperf.html">
      <Filter>cefclient\res</Filter>
    </None>
    <None Include="cefclient\res\cefclient.ico">
      <Filter>cefclient\res</Filter>
    </None>
    <None Include="cefclient\res\osrplugin.html">
      <Filter>cefclient\res</Filter>
    </None>
    <None Include="cefclient\res\domaccess.html">
      <Filter>cefclient\res</Filter>
    </None>
    <None Include="cefclient\res\transparency.html">
      <Filter>cefclient\res</Filter>
    </None>
    <None Include="cefclient\res\modalmain.html">
      <Filter>cefclient\res</Filter>
    </None>
    <None Include="cefclient\res\modaldialog.html">
      <Filter>cefclient\res</Filter>
    </None>
    <None Include="cefclient\res\localstorage.html">
      <Filter>cefclient\res</Filter>
    </None>
    <None Include="cefclient\res\xmlhttprequest.html">
      <Filter>cefclient\res</Filter>
    </None>
    <None Include="cefclient\res\small.ico">
      <Filter>cefclient\res</Filter>
    </None>
    <None Include="cefclient\res\logo.png">
      <Filter>cefclient\res</Filter>
    </None>
    <None Include="cefclient\res\logoball.png">
      <Filter>cefclient\res</Filter>
    </None>
    <None Include="cefclient\res\uiplugin.html">
      <Filter>cefclient\res</Filter>
    </None>
    <None Include="cefclient\res\brackets_extensions.js">
      <Filter>cefclient\res</Filter>
    </None>
  </ItemGroup>
  <ItemGroup>
    <ClCompile Include="cefclient\brackets_extensions.cpp">
      <Filter>cefclient</Filter>
    </ClCompile>
  </ItemGroup>
  <ItemGroup>
    <ClInclude Include="cefclient\brackets_extensions.h">
      <Filter>cefclient</Filter>
    </ClInclude>
  </ItemGroup>
</Project>